
Microsoft Visual Studio Solution File, Format Version 12.00
# Visual Studio Version 17
VisualStudioVersion = 17.8.34525.116
MinimumVisualStudioVersion = 10.0.40219.1
Project("{FAE04EC0-301F-11D3-BF4B-00C04F79EFBC}") = "Phonebook", "Phonebook\Phonebook.csproj", "{243AFF22-7C61-4B02-A543-9199B8E2365A}"
EndProject
Project("{FAE04EC0-301F-11D3-BF4B-00C04F79EFBC}") = "Minerbook", "Minerbook\Minerbook.csproj", "{1F1F47DE-C152-4CC6-A280-548064FC9265}"
EndProject
Global
	GlobalSection(SolutionConfigurationPlatforms) = preSolution
		Debug|Any CPU = Debug|Any CPU
		Release|Any CPU = Release|Any CPU
	EndGlobalSection
	GlobalSection(ProjectConfigurationPlatforms) = postSolution
		{243AFF22-7C61-4B02-A543-9199B8E2365A}.Debug|Any CPU.ActiveCfg = Debug|Any CPU
		{243AFF22-7C61-4B02-A543-9199B8E2365A}.Debug|Any CPU.Build.0 = Debug|Any CPU
		{243AFF22-7C61-4B02-A543-9199B8E2365A}.Release|Any CPU.ActiveCfg = Release|Any CPU
		{243AFF22-7C61-4B02-A543-9199B8E2365A}.Release|Any CPU.Build.0 = Release|Any CPU
		{1F1F47DE-C152-4CC6-A280-548064FC9265}.Debug|Any CPU.ActiveCfg = Debug|Any CPU
		{1F1F47DE-C152-4CC6-A280-548064FC9265}.Debug|Any CPU.Build.0 = Debug|Any CPU
		{1F1F47DE-C152-4CC6-A280-548064FC9265}.Release|Any CPU.ActiveCfg = Release|Any CPU
		{1F1F47DE-C152-4CC6-A280-548064FC9265}.Release|Any CPU.Build.0 = Release|Any CPU
	EndGlobalSection
	GlobalSection(SolutionProperties) = preSolution
		HideSolutionNode = FALSE
	EndGlobalSection
	GlobalSection(ExtensibilityGlobals) = postSolution
		SolutionGuid = {6D631951-A964-4CEA-8254-50696C3E1530}
	EndGlobalSection
EndGlobal
